
Microsoft Visual Studio Solution File, Format Version 12.00
# Visual Studio Version 17
VisualStudioVersion = 17.6.33815.320
MinimumVisualStudioVersion = 10.0.40219.1
Project("{FAE04EC0-301F-11D3-BF4B-00C04F79EFBC}") = "23", "23\23.csproj", "{A1EEC2EC-85B5-4504-9252-C1D83A52127D}"
EndProject
Global
	GlobalSection(SolutionConfigurationPlatforms) = preSolution
		Debug|Any CPU = Debug|Any CPU
		Release|Any CPU = Release|Any CPU
	EndGlobalSection
	GlobalSection(ProjectConfigurationPlatforms) = postSolution
		{A1EEC2EC-85B5-4504-9252-C1D83A52127D}.Debug|Any CPU.ActiveCfg = Debug|Any CPU
		{A1EEC2EC-85B5-4504-9252-C1D83A52127D}.Debug|Any CPU.Build.0 = Debug|Any CPU
		{A1EEC2EC-85B5-4504-9252-C1D83A52127D}.Release|Any CPU.ActiveCfg = Release|Any CPU
		{A1EEC2EC-85B5-4504-9252-C1D83A52127D}.Release|Any CPU.Build.0 = Release|Any CPU
	EndGlobalSection
	GlobalSection(SolutionProperties) = preSolution
		HideSolutionNode = FALSE
	EndGlobalSection
	GlobalSection(ExtensibilityGlobals) = postSolution
		SolutionGuid = {55A66142-784E-4831-91FF-A3CC5DF1C034}
	EndGlobalSection
EndGlobal
